
Microsoft Visual Studio Solution File, Format Version 12.00
# Visual Studio 15
VisualStudioVersion = 15.0.28307.757
MinimumVisualStudioVersion = 10.0.40219.1
Project("{FAE04EC0-301F-11D3-BF4B-00C04F79EFBC}") = "homework", "homework\homework.csproj", "{7B621CCF-3149-4732-BCAA-A62127876B5F}"
EndProject
Project("{2150E333-8FDC-42A3-9474-1A3956D46DE8}") = "Solution Items", "Solution Items", "{CC27AB5A-21E6-4976-9829-5962C70AC172}"
	ProjectSection(SolutionItems) = preProject
		xuehanxi.md = xuehanxi.md
	EndProjectSection
EndProject
Global
	GlobalSection(SolutionConfigurationPlatforms) = preSolution
		Debug|Any CPU = Debug|Any CPU
		Release|Any CPU = Release|Any CPU
	EndGlobalSection
	GlobalSection(ProjectConfigurationPlatforms) = postSolution
		{7B621CCF-3149-4732-BCAA-A62127876B5F}.Debug|Any CPU.ActiveCfg = Debug|Any CPU
		{7B621CCF-3149-4732-BCAA-A62127876B5F}.Debug|Any CPU.Build.0 = Debug|Any CPU
		{7B621CCF-3149-4732-BCAA-A62127876B5F}.Release|Any CPU.ActiveCfg = Release|Any CPU
		{7B621CCF-3149-4732-BCAA-A62127876B5F}.Release|Any CPU.Build.0 = Release|Any CPU
	EndGlobalSection
	GlobalSection(SolutionProperties) = preSolution
		HideSolutionNode = FALSE
	EndGlobalSection
	GlobalSection(ExtensibilityGlobals) = postSolution
		SolutionGuid = {9B9A8DE9-A261-464E-ACD9-9C7E5D87F111}
	EndGlobalSection
EndGlobal
